
Microsoft Visual Studio Solution File, Format Version 12.00
# Visual Studio Version 16
VisualStudioVersion = 16.0.30523.141
MinimumVisualStudioVersion = 10.0.40219.1
Project("{2150E333-8FDC-42A3-9474-1A3956D46DE8}") = "SolutionItem", "SolutionItem", "{5F143A6F-9B3B-4C3A-AD25-1383E7E9679A}"
	ProjectSection(SolutionItems) = preProject
		README.md = README.md
	EndProjectSection
EndProject
Project("{FAE04EC0-301F-11D3-BF4B-00C04F79EFBC}") = "eShopSolution.Data", "eShopSolution.Data\eShopSolution.Data.csproj", "{B89BB48F-AEC7-45C2-938F-7513E05BBFAF}"
EndProject
Project("{FAE04EC0-301F-11D3-BF4B-00C04F79EFBC}") = "eShopSolution.Application", "eShopSolution.Application\eShopSolution.Application.csproj", "{90F74585-2E2B-485F-9162-BAC2FBA8FD1B}"
EndProject
Project("{FAE04EC0-301F-11D3-BF4B-00C04F79EFBC}") = "eShopSolution.WebApp", "eShopSolution.WebApp\eShopSolution.WebApp.csproj", "{13E4A299-8DCC-47A2-B829-45FE29AC18B3}"
EndProject
Global
	GlobalSection(SolutionConfigurationPlatforms) = preSolution
		Debug|Any CPU = Debug|Any CPU
		Release|Any CPU = Release|Any CPU
	EndGlobalSection
	GlobalSection(ProjectConfigurationPlatforms) = postSolution
		{B89BB48F-AEC7-45C2-938F-7513E05BBFAF}.Debug|Any CPU.ActiveCfg = Debug|Any CPU
		{B89BB48F-AEC7-45C2-938F-7513E05BBFAF}.Debug|Any CPU.Build.0 = Debug|Any CPU
		{B89BB48F-AEC7-45C2-938F-7513E05BBFAF}.Release|Any CPU.ActiveCfg = Release|Any CPU
		{B89BB48F-AEC7-45C2-938F-7513E05BBFAF}.Release|Any CPU.Build.0 = Release|Any CPU
		{90F74585-2E2B-485F-9162-BAC2FBA8FD1B}.Debug|Any CPU.ActiveCfg = Debug|Any CPU
		{90F74585-2E2B-485F-9162-BAC2FBA8FD1B}.Debug|Any CPU.Build.0 = Debug|Any CPU
		{90F74585-2E2B-485F-9162-BAC2FBA8FD1B}.Release|Any CPU.ActiveCfg = Release|Any CPU
		{90F74585-2E2B-485F-9162-BAC2FBA8FD1B}.Release|Any CPU.Build.0 = Release|Any CPU
		{13E4A299-8DCC-47A2-B829-45FE29AC18B3}.Debug|Any CPU.ActiveCfg = Debug|Any CPU
		{13E4A299-8DCC-47A2-B829-45FE29AC18B3}.Debug|Any CPU.Build.0 = Debug|Any CPU
		{13E4A299-8DCC-47A2-B829-45FE29AC18B3}.Release|Any CPU.ActiveCfg = Release|Any CPU
		{13E4A299-8DCC-47A2-B829-45FE29AC18B3}.Release|Any CPU.Build.0 = Release|Any CPU
	EndGlobalSection
	GlobalSection(SolutionProperties) = preSolution
		HideSolutionNode = FALSE
	EndGlobalSection
	GlobalSection(ExtensibilityGlobals) = postSolution
		SolutionGuid = {F9ABCECD-821A-4F6D-82AA-550AAF4B79D4}
	EndGlobalSection
EndGlobal
